
Microsoft Visual Studio Solution File, Format Version 12.00
# Visual Studio Version 17
VisualStudioVersion = 17.4.33205.214
MinimumVisualStudioVersion = 10.0.40219.1
Project("{FAE04EC0-301F-11D3-BF4B-00C04F79EFBC}") = "DataAccess", "DataAccess\DataAccess.csproj", "{3CA3B680-9513-4AFA-BEC1-B704FCEC296E}"
EndProject
Project("{FAE04EC0-301F-11D3-BF4B-00C04F79EFBC}") = "HostelWPFApp", "HostelWPFApp\HostelWPFApp.csproj", "{FD9486AA-1C6D-4F8F-9F75-ECEEB02D35DF}"
EndProject
Global
	GlobalSection(SolutionConfigurationPlatforms) = preSolution
		Debug|Any CPU = Debug|Any CPU
		Release|Any CPU = Release|Any CPU
	EndGlobalSection
	GlobalSection(ProjectConfigurationPlatforms) = postSolution
		{3CA3B680-9513-4AFA-BEC1-B704FCEC296E}.Debug|Any CPU.ActiveCfg = Debug|Any CPU
		{3CA3B680-9513-4AFA-BEC1-B704FCEC296E}.Debug|Any CPU.Build.0 = Debug|Any CPU
		{3CA3B680-9513-4AFA-BEC1-B704FCEC296E}.Release|Any CPU.ActiveCfg = Release|Any CPU
		{3CA3B680-9513-4AFA-BEC1-B704FCEC296E}.Release|Any CPU.Build.0 = Release|Any CPU
		{FD9486AA-1C6D-4F8F-9F75-ECEEB02D35DF}.Debug|Any CPU.ActiveCfg = Debug|Any CPU
		{FD9486AA-1C6D-4F8F-9F75-ECEEB02D35DF}.Debug|Any CPU.Build.0 = Debug|Any CPU
		{FD9486AA-1C6D-4F8F-9F75-ECEEB02D35DF}.Release|Any CPU.ActiveCfg = Release|Any CPU
		{FD9486AA-1C6D-4F8F-9F75-ECEEB02D35DF}.Release|Any CPU.Build.0 = Release|Any CPU
	EndGlobalSection
	GlobalSection(SolutionProperties) = preSolution
		HideSolutionNode = FALSE
	EndGlobalSection
	GlobalSection(ExtensibilityGlobals) = postSolution
		SolutionGuid = {1A830264-CAAA-42A9-BAD1-E5751CA15D6A}
	EndGlobalSection
EndGlobal
